
Microsoft Visual Studio Solution File, Format Version 12.00
# Visual Studio Version 17
VisualStudioVersion = 17.8.34316.72
MinimumVisualStudioVersion = 10.0.40219.1
Project("{FAE04EC0-301F-11D3-BF4B-00C04F79EFBC}") = "top-metabo", "top-metabo.csproj", "{A9ABC40C-3EF1-4C4A-9772-AA83CFBF19DF}"
EndProject
Global
	GlobalSection(SolutionConfigurationPlatforms) = preSolution
		Debug|Any CPU = Debug|Any CPU
		Release|Any CPU = Release|Any CPU
	EndGlobalSection
	GlobalSection(ProjectConfigurationPlatforms) = postSolution
		{A9ABC40C-3EF1-4C4A-9772-AA83CFBF19DF}.Debug|Any CPU.ActiveCfg = Debug|Any CPU
		{A9ABC40C-3EF1-4C4A-9772-AA83CFBF19DF}.Debug|Any CPU.Build.0 = Debug|Any CPU
		{A9ABC40C-3EF1-4C4A-9772-AA83CFBF19DF}.Release|Any CPU.ActiveCfg = Release|Any CPU
		{A9ABC40C-3EF1-4C4A-9772-AA83CFBF19DF}.Release|Any CPU.Build.0 = Release|Any CPU
	EndGlobalSection
	GlobalSection(SolutionProperties) = preSolution
		HideSolutionNode = FALSE
	EndGlobalSection
	GlobalSection(ExtensibilityGlobals) = postSolution
		SolutionGuid = {05407B36-33F1-4CB4-9419-84E81515E567}
	EndGlobalSection
EndGlobal
